// !$*UTF8*$!
{
	archiveVersion = 1;
	classes = {
	};
	objectVersion = 46;
	objects = {

/* Begin PBXBuildFile section */
		AE8B55F01B3B1D4400684824 /* AppDelegate.swift in Sources */ = {isa = PBXBuildFile; fileRef = AE8B55EF1B3B1D4400684824 /* AppDelegate.swift */; };
		AE8B55F21B3B1D4400684824 /* ViewController.swift in Sources */ = {isa = PBXBuildFile; fileRef = AE8B55F11B3B1D4400684824 /* ViewController.swift */; };
		AE8B55F51B3B1D4400684824 /* Main.storyboard in Resources */ = {isa = PBXBuildFile; fileRef = AE8B55F31B3B1D4400684824 /* Main.storyboard */; };
		AE8B55F71B3B1D4400684824 /* Images.xcassets in Resources */ = {isa = PBXBuildFile; fileRef = AE8B55F61B3B1D4400684824 /* Images.xcassets */; };
		AE8B55FA1B3B1D4400684824 /* LaunchScreen.xib in Resources */ = {isa = PBXBuildFile; fileRef = AE8B55F81B3B1D4400684824 /* LaunchScreen.xib */; };
		AE8B56061B3B1D4400684824 /* TwitterTrauztiTests.swift in Sources */ = {isa = PBXBuildFile; fileRef = AE8B56051B3B1D4400684824 /* TwitterTrauztiTests.swift */; };
		AE8B56131B3B1D6400684824 /* MediaItem.swift in Sources */ = {isa = PBXBuildFile; fileRef = AE8B560F1B3B1D6400684824 /* MediaItem.swift */; };
		AE8B56141B3B1D6400684824 /* Tweet.swift in Sources */ = {isa = PBXBuildFile; fileRef = AE8B56101B3B1D6400684824 /* Tweet.swift */; };
		AE8B56151B3B1D6400684824 /* TwitterRequest.swift in Sources */ = {isa = PBXBuildFile; fileRef = AE8B56111B3B1D6400684824 /* TwitterRequest.swift */; };
		AE8B56161B3B1D6400684824 /* User.swift in Sources */ = {isa = PBXBuildFile; fileRef = AE8B56121B3B1D6400684824 /* User.swift */; };
		AE8B561A1B3B1EFF00684824 /* TweetTableTableViewController.swift in Sources */ = {isa = PBXBuildFile; fileRef = AE8B56191B3B1EFF00684824 /* TweetTableTableViewController.swift */; };
		AE8B561D1B3B271300684824 /* TweetTableViewCell.swift in Sources */ = {isa = PBXBuildFile; fileRef = AE8B561C1B3B271300684824 /* TweetTableViewCell.swift */; };
/* End PBXBuildFile section */

/* Begin PBXContainerItemProxy section */
		AE8B56001B3B1D4400684824 /* PBXContainerItemProxy */ = {
			isa = PBXContainerItemProxy;
			containerPortal = AE8B55E21B3B1D4300684824 /* Project object */;
			proxyType = 1;
			remoteGlobalIDString = AE8B55E91B3B1D4300684824;
			remoteInfo = TwitterTrauzti;
		};
/* End PBXContainerItemProxy section */

/* Begin PBXFileReference section */
		AE8B55EA1B3B1D4300684824 /* TwitterSearchApp.app */ = {isa = PBXFileReference; explicitFileType = wrapper.application; includeInIndex = 0; path = TwitterSearchApp.app; sourceTree = BUILT_PRODUCTS_DIR; };
		AE8B55EE1B3B1D4400684824 /* Info.plist */ = {isa = PBXFileReference; lastKnownFileType = text.plist.xml; path = Info.plist; sourceTree = "<group>"; };
		AE8B55EF1B3B1D4400684824 /* AppDelegate.swift */ = {isa = PBXFileReference; lastKnownFileType = sourcecode.swift; path = AppDelegate.swift; sourceTree = "<group>"; };
		AE8B55F11B3B1D4400684824 /* ViewController.swift */ = {isa = PBXFileReference; lastKnownFileType = sourcecode.swift; path = ViewController.swift; sourceTree = "<group>"; };
		AE8B55F41B3B1D4400684824 /* Base */ = {isa = PBXFileReference; lastKnownFileType = file.storyboard; name = Base; path = Base.lproj/Main.storyboard; sourceTree = "<group>"; };
		AE8B55F61B3B1D4400684824 /* Images.xcassets */ = {isa = PBXFileReference; lastKnownFileType = folder.assetcatalog; path = Images.xcassets; sourceTree = "<group>"; };
		AE8B55F91B3B1D4400684824 /* Base */ = {isa = PBXFileReference; lastKnownFileType = file.xib; name = Base; path = Base.lproj/LaunchScreen.xib; sourceTree = "<group>"; };
		AE8B55FF1B3B1D4400684824 /* TwitterSearchAppTests.xctest */ = {isa = PBXFileReference; explicitFileType = wrapper.cfbundle; includeInIndex = 0; path = TwitterSearchAppTests.xctest; sourceTree = BUILT_PRODUCTS_DIR; };
		AE8B56041B3B1D4400684824 /* Info.plist */ = {isa = PBXFileReference; lastKnownFileType = text.plist.xml; path = Info.plist; sourceTree = "<group>"; };
		AE8B56051B3B1D4400684824 /* TwitterTrauztiTests.swift */ = {isa = PBXFileReference; lastKnownFileType = sourcecode.swift; path = TwitterTrauztiTests.swift; sourceTree = "<group>"; };
		AE8B560F1B3B1D6400684824 /* MediaItem.swift */ = {isa = PBXFileReference; fileEncoding = 4; lastKnownFileType = sourcecode.swift; path = MediaItem.swift; sourceTree = "<group>"; };
		AE8B56101B3B1D6400684824 /* Tweet.swift */ = {isa = PBXFileReference; fileEncoding = 4; lastKnownFileType = sourcecode.swift; path = Tweet.swift; sourceTree = "<group>"; };
		AE8B56111B3B1D6400684824 /* TwitterRequest.swift */ = {isa = PBXFileReference; fileEncoding = 4; lastKnownFileType = sourcecode.swift; path = TwitterRequest.swift; sourceTree = "<group>"; };
		AE8B56121B3B1D6400684824 /* User.swift */ = {isa = PBXFileReference; fileEncoding = 4; lastKnownFileType = sourcecode.swift; path = User.swift; sourceTree = "<group>"; };
		AE8B56191B3B1EFF00684824 /* TweetTableTableViewController.swift */ = {isa = PBXFileReference; fileEncoding = 4; lastKnownFileType = sourcecode.swift; path = TweetTableTableViewController.swift; sourceTree = "<group>"; };
		AE8B561C1B3B271300684824 /* TweetTableViewCell.swift */ = {isa = PBXFileReference; fileEncoding = 4; lastKnownFileType = sourcecode.swift; path = TweetTableViewCell.swift; sourceTree = "<group>"; };
/* End PBXFileReference section */

/* Begin PBXFrameworksBuildPhase section */
		AE8B55E71B3B1D4300684824 /* Frameworks */ = {
			isa = PBXFrameworksBuildPhase;
			buildActionMask = 2147483647;
			files = (
			);
			runOnlyForDeploymentPostprocessing = 0;
		};
		AE8B55FC1B3B1D4400684824 /* Frameworks */ = {
			isa = PBXFrameworksBuildPhase;
			buildActionMask = 2147483647;
			files = (
			);
			runOnlyForDeploymentPostprocessing = 0;
		};
/* End PBXFrameworksBuildPhase section */

/* Begin PBXGroup section */
		AE8B55E11B3B1D4300684824 = {
			isa = PBXGroup;
			children = (
				AE8B55EC1B3B1D4300684824 /* TwitterTrauzti */,
				AE8B56021B3B1D4400684824 /* TwitterTrauztiTests */,
				AE8B55EB1B3B1D4300684824 /* Products */,
			);
			sourceTree = "<group>";
		};
		AE8B55EB1B3B1D4300684824 /* Products */ = {
			isa = PBXGroup;
			children = (
				AE8B55EA1B3B1D4300684824 /* TwitterSearchApp.app */,
				AE8B55FF1B3B1D4400684824 /* TwitterSearchAppTests.xctest */,
			);
			name = Products;
			sourceTree = "<group>";
		};
		AE8B55EC1B3B1D4300684824 /* TwitterTrauzti */ = {
			isa = PBXGroup;
			children = (
				AE8B561C1B3B271300684824 /* TweetTableViewCell.swift */,
				AE8B561B1B3B21A300684824 /* Tweet */,
				AE8B55EF1B3B1D4400684824 /* AppDelegate.swift */,
				AE8B55F11B3B1D4400684824 /* ViewController.swift */,
				AE8B55F31B3B1D4400684824 /* Main.storyboard */,
				AE8B55F61B3B1D4400684824 /* Images.xcassets */,
				AE8B55F81B3B1D4400684824 /* LaunchScreen.xib */,
				AE8B55ED1B3B1D4400684824 /* Supporting Files */,
				AE8B56191B3B1EFF00684824 /* TweetTableTableViewController.swift */,
			);
			path = TwitterTrauzti;
			sourceTree = "<group>";
		};
		AE8B55ED1B3B1D4400684824 /* Supporting Files */ = {
			isa = PBXGroup;
			children = (
				AE8B55EE1B3B1D4400684824 /* Info.plist */,
			);
			name = "Supporting Files";
			sourceTree = "<group>";
		};
		AE8B56021B3B1D4400684824 /* TwitterTrauztiTests */ = {
			isa = PBXGroup;
			children = (
				AE8B56051B3B1D4400684824 /* TwitterTrauztiTests.swift */,
				AE8B56031B3B1D4400684824 /* Supporting Files */,
			);
			path = TwitterTrauztiTests;
			sourceTree = "<group>";
		};
		AE8B56031B3B1D4400684824 /* Supporting Files */ = {
			isa = PBXGroup;
			children = (
				AE8B56041B3B1D4400684824 /* Info.plist */,
			);
			name = "Supporting Files";
			sourceTree = "<group>";
		};
		AE8B561B1B3B21A300684824 /* Tweet */ = {
			isa = PBXGroup;
			children = (
				AE8B560F1B3B1D6400684824 /* MediaItem.swift */,
				AE8B56101B3B1D6400684824 /* Tweet.swift */,
				AE8B56111B3B1D6400684824 /* TwitterRequest.swift */,
				AE8B56121B3B1D6400684824 /* User.swift */,
			);
			name = Tweet;
			sourceTree = "<group>";
		};
/* End PBXGroup section */

/* Begin PBXNativeTarget section */
		AE8B55E91B3B1D4300684824 /* TwitterSearchApp */ = {
			isa = PBXNativeTarget;
			buildConfigurationList = AE8B56091B3B1D4400684824 /* Build configuration list for PBXNativeTarget "TwitterSearchApp" */;
			buildPhases = (
				AE8B55E61B3B1D4300684824 /* Sources */,
				AE8B55E71B3B1D4300684824 /* Frameworks */,
				AE8B55E81B3B1D4300684824 /* Resources */,
			);
			buildRules = (
			);
			dependencies = (
			);
			name = TwitterSearchApp;
			productName = TwitterTrauzti;
			productReference = AE8B55EA1B3B1D4300684824 /* TwitterSearchApp.app */;
			productType = "com.apple.product-type.application";
		};
		AE8B55FE1B3B1D4400684824 /* TwitterSearchAppTests */ = {
			isa = PBXNativeTarget;
			buildConfigurationList = AE8B560C1B3B1D4400684824 /* Build configuration list for PBXNativeTarget "TwitterSearchAppTests" */;
			buildPhases = (
				AE8B55FB1B3B1D4400684824 /* Sources */,
				AE8B55FC1B3B1D4400684824 /* Frameworks */,
				AE8B55FD1B3B1D4400684824 /* Resources */,
			);
			buildRules = (
			);
			dependencies = (
				AE8B56011B3B1D4400684824 /* PBXTargetDependency */,
			);
			name = TwitterSearchAppTests;
			productName = TwitterTrauztiTests;
			productReference = AE8B55FF1B3B1D4400684824 /* TwitterSearchAppTests.xctest */;
			productType = "com.apple.product-type.bundle.unit-test";
		};
/* End PBXNativeTarget section */

/* Begin PBXProject section */
		AE8B55E21B3B1D4300684824 /* Project object */ = {
			isa = PBXProject;
			attributes = {
				LastUpgradeCheck = 0630;
				ORGANIZATIONNAME = "Trausti Sæmundsson";
				TargetAttributes = {
					AE8B55E91B3B1D4300684824 = {
						CreatedOnToolsVersion = 6.3.1;
					};
					AE8B55FE1B3B1D4400684824 = {
						CreatedOnToolsVersion = 6.3.1;
						TestTargetID = AE8B55E91B3B1D4300684824;
					};
				};
			};
			buildConfigurationList = AE8B55E51B3B1D4300684824 /* Build configuration list for PBXProject "TwitterSearchApp" */;
			compatibilityVersion = "Xcode 3.2";
			developmentRegion = English;
			hasScannedForEncodings = 0;
			knownRegions = (
				en,
				Base,
			);
			mainGroup = AE8B55E11B3B1D4300684824;
			productRefGroup = AE8B55EB1B3B1D4300684824 /* Products */;
			projectDirPath = "";
			projectRoot = "";
			targets = (
				AE8B55E91B3B1D4300684824 /* TwitterSearchApp */,
				AE8B55FE1B3B1D4400684824 /* TwitterSearchAppTests */,
			);
		};
/* End PBXProject section */

/* Begin PBXResourcesBuildPhase section */
		AE8B55E81B3B1D4300684824 /* Resources */ = {
			isa = PBXResourcesBuildPhase;
			buildActionMask = 2147483647;
			files = (
				AE8B55F51B3B1D4400684824 /* Main.storyboard in Resources */,
				AE8B55FA1B3B1D4400684824 /* LaunchScreen.xib in Resources */,
				AE8B55F71B3B1D4400684824 /* Images.xcassets in Resources */,
			);
			runOnlyForDeploymentPostprocessing = 0;
		};
		AE8B55FD1B3B1D4400684824 /* Resources */ = {
			isa = PBXResourcesBuildPhase;
			buildActionMask = 2147483647;
			files = (
			);
			runOnlyForDeploymentPostprocessing = 0;
		};
/* End PBXResourcesBuildPhase section */

/* Begin PBXSourcesBuildPhase section */
		AE8B55E61B3B1D4300684824 /* Sources */ = {
			isa = PBXSourcesBuildPhase;
			buildActionMask = 2147483647;
			files = (
				AE8B561A1B3B1EFF00684824 /* TweetTableTableViewController.swift in Sources */,
				AE8B55F21B3B1D4400684824 /* ViewController.swift in Sources */,
				AE8B56151B3B1D6400684824 /* TwitterRequest.swift in Sources */,
				AE8B56161B3B1D6400684824 /* User.swift in Sources */,
				AE8B55F01B3B1D4400684824 /* AppDelegate.swift in Sources */,
				AE8B56131B3B1D6400684824 /* MediaItem.swift in Sources */,
				AE8B56141B3B1D6400684824 /* Tweet.swift in Sources */,
				AE8B561D1B3B271300684824 /* TweetTableViewCell.swift in Sources */,
			);
			runOnlyForDeploymentPostprocessing = 0;
		};
		AE8B55FB1B3B1D4400684824 /* Sources */ = {
			isa = PBXSourcesBuildPhase;
			buildActionMask = 2147483647;
			files = (
				AE8B56061B3B1D4400684824 /* TwitterTrauztiTests.swift in Sources */,
			);
			runOnlyForDeploymentPostprocessing = 0;
		};
/* End PBXSourcesBuildPhase section */

/* Begin PBXTargetDependency section */
		AE8B56011B3B1D4400684824 /* PBXTargetDependency */ = {
			isa = PBXTargetDependency;
			target = AE8B55E91B3B1D4300684824 /* TwitterSearchApp */;
			targetProxy = AE8B56001B3B1D4400684824 /* PBXContainerItemProxy */;
		};
/* End PBXTargetDependency section */

/* Begin PBXVariantGroup section */
		AE8B55F31B3B1D4400684824 /* Main.storyboard */ = {
			isa = PBXVariantGroup;
			children = (
				AE8B55F41B3B1D4400684824 /* Base */,
			);
			name = Main.storyboard;
			sourceTree = "<group>";
		};
		AE8B55F81B3B1D4400684824 /* LaunchScreen.xib */ = {
			isa = PBXVariantGroup;
			children = (
				AE8B55F91B3B1D4400684824 /* Base */,
			);
			name = LaunchScreen.xib;
			sourceTree = "<group>";
		};
/* End PBXVariantGroup section */

/* Begin XCBuildConfiguration section */
		AE8B56071B3B1D4400684824 /* Debug */ = {
			isa = XCBuildConfiguration;
			buildSettings = {
				ALWAYS_SEARCH_USER_PATHS = NO;
				CLANG_CXX_LANGUAGE_STANDARD = "gnu++0x";
				CLANG_CXX_LIBRARY = "libc++";
				CLANG_ENABLE_MODULES = YES;
				CLANG_ENABLE_OBJC_ARC = YES;
				CLANG_WARN_BOOL_CONVERSION = YES;
				CLANG_WARN_CONSTANT_CONVERSION = YES;
				CLANG_WARN_DIRECT_OBJC_ISA_USAGE = YES_ERROR;
				CLANG_WARN_EMPTY_BODY = YES;
				CLANG_WARN_ENUM_CONVERSION = YES;
				CLANG_WARN_INT_CONVERSION = YES;
				CLANG_WARN_OBJC_ROOT_CLASS = YES_ERROR;
				CLANG_WARN_UNREACHABLE_CODE = YES;
				CLANG_WARN__DUPLICATE_METHOD_MATCH = YES;
				"CODE_SIGN_IDENTITY[sdk=iphoneos*]" = "iPhone Developer";
				COPY_PHASE_STRIP = NO;
				DEBUG_INFORMATION_FORMAT = "dwarf-with-dsym";
				ENABLE_STRICT_OBJC_MSGSEND = YES;
				GCC_C_LANGUAGE_STANDARD = gnu99;
				GCC_DYNAMIC_NO_PIC = NO;
				GCC_NO_COMMON_BLOCKS = YES;
				GCC_OPTIMIZATION_LEVEL = 0;
				GCC_PREPROCESSOR_DEFINITIONS = (
					"DEBUG=1",
					"$(inherited)",
				);
				GCC_SYMBOLS_PRIVATE_EXTERN = NO;
				GCC_WARN_64_TO_32_BIT_CONVERSION = YES;
				GCC_WARN_ABOUT_RETURN_TYPE = YES_ERROR;
				GCC_WARN_UNDECLARED_SELECTOR = YES;
				GCC_WARN_UNINITIALIZED_AUTOS = YES_AGGRESSIVE;
				GCC_WARN_UNUSED_FUNCTION = YES;
				GCC_WARN_UNUSED_VARIABLE = YES;
				IPHONEOS_DEPLOYMENT_TARGET = 8.3;
				MTL_ENABLE_DEBUG_INFO = YES;
				ONLY_ACTIVE_ARCH = YES;
				SDKROOT = iphoneos;
				SWIFT_OPTIMIZATION_LEVEL = "-Onone";
			};
			name = Debug;
		};
		AE8B56081B3B1D4400684824 /* Release */ = {
			isa = XCBuildConfiguration;
			buildSettings = {
				ALWAYS_SEARCH_USER_PATHS = NO;
				CLANG_CXX_LANGUAGE_STANDARD = "gnu++0x";
				CLANG_CXX_LIBRARY = "libc++";
				CLANG_ENABLE_MODULES = YES;
				CLANG_ENABLE_OBJC_ARC = YES;
				CLANG_WARN_BOOL_CONVERSION = YES;
				CLANG_WARN_CONSTANT_CONVERSION = YES;
				CLANG_WARN_DIRECT_OBJC_ISA_USAGE = YES_ERROR;
				CLANG_WARN_EMPTY_BODY = YES;
				CLANG_WARN_ENUM_CONVERSION = YES;
				CLANG_WARN_INT_CONVERSION = YES;
				CLANG_WARN_OBJC_ROOT_CLASS = YES_ERROR;
				CLANG_WARN_UNREACHABLE_CODE = YES;
				CLANG_WARN__DUPLICATE_METHOD_MATCH = YES;
				"CODE_SIGN_IDENTITY[sdk=iphoneos*]" = "iPhone Developer";
				COPY_PHASE_STRIP = NO;
				DEBUG_INFORMATION_FORMAT = "dwarf-with-dsym";
				ENABLE_NS_ASSERTIONS = NO;
				ENABLE_STRICT_OBJC_MSGSEND = YES;
				GCC_C_LANGUAGE_STANDARD = gnu99;
				GCC_NO_COMMON_BLOCKS = YES;
				GCC_WARN_64_TO_32_BIT_CONVERSION = YES;
				GCC_WARN_ABOUT_RETURN_TYPE = YES_ERROR;
				GCC_WARN_UNDECLARED_SELECTOR = YES;
				GCC_WARN_UNINITIALIZED_AUTOS = YES_AGGRESSIVE;
				GCC_WARN_UNUSED_FUNCTION = YES;
				GCC_WARN_UNUSED_VARIABLE = YES;
				IPHONEOS_DEPLOYMENT_TARGET = 8.3;
				MTL_ENABLE_DEBUG_INFO = NO;
				SDKROOT = iphoneos;
				VALIDATE_PRODUCT = YES;
			};
			name = Release;
		};
		AE8B560A1B3B1D4400684824 /* Debug */ = {
			isa = XCBuildConfiguration;
			buildSettings = {
				ASSETCATALOG_COMPILER_APPICON_NAME = AppIcon;
				INFOPLIST_FILE = TwitterTrauzti/Info.plist;
				LD_RUNPATH_SEARCH_PATHS = "$(inherited) @executable_path/Frameworks";
				PRODUCT_NAME = TwitterSearchApp;
			};
			name = Debug;
		};
		AE8B560B1B3B1D4400684824 /* Release */ = {
			isa = XCBuildConfiguration;
			buildSettings = {
				ASSETCATALOG_COMPILER_APPICON_NAME = AppIcon;
				INFOPLIST_FILE = TwitterTrauzti/Info.plist;
				LD_RUNPATH_SEARCH_PATHS = "$(inherited) @executable_path/Frameworks";
				PRODUCT_NAME = TwitterSearchApp;
			};
			name = Release;
		};
		AE8B560D1B3B1D4400684824 /* Debug */ = {
			isa = XCBuildConfiguration;
			buildSettings = {
				BUNDLE_LOADER = "$(TEST_HOST)";
				FRAMEWORK_SEARCH_PATHS = (
					"$(SDKROOT)/Developer/Library/Frameworks",
					"$(inherited)",
				);
				GCC_PREPROCESSOR_DEFINITIONS = (
					"DEBUG=1",
					"$(inherited)",
				);
				INFOPLIST_FILE = TwitterTrauztiTests/Info.plist;
				LD_RUNPATH_SEARCH_PATHS = "$(inherited) @executable_path/Frameworks @loader_path/Frameworks";
				PRODUCT_NAME = TwitterSearchAppTests;
				TEST_HOST = "$(BUILT_PRODUCTS_DIR)/TwitterTrauzti.app/TwitterTrauzti";
			};
			name = Debug;
		};
		AE8B560E1B3B1D4400684824 /* Release */ = {
			isa = XCBuildConfiguration;
			buildSettings = {
				BUNDLE_LOADER = "$(TEST_HOST)";
				FRAMEWORK_SEARCH_PATHS = (
					"$(SDKROOT)/Developer/Library/Frameworks",
					"$(inherited)",
				);
				INFOPLIST_FILE = TwitterTrauztiTests/Info.plist;
				LD_RUNPATH_SEARCH_PATHS = "$(inherited) @executable_path/Frameworks @loader_path/Frameworks";
				PRODUCT_NAME = TwitterSearchAppTests;
				TEST_HOST = "$(BUILT_PRODUCTS_DIR)/TwitterTrauzti.app/TwitterTrauzti";
			};
			name = Release;
		};
/* End XCBuildConfiguration section */

/* Begin XCConfigurationList section */
		AE8B55E51B3B1D4300684824 /* Build configuration list for PBXProject "TwitterSearchApp" */ = {
			isa = XCConfigurationList;
			buildConfigurations = (
				AE8B56071B3B1D4400684824 /* Debug */,
				AE8B56081B3B1D4400684824 /* Release */,
			);
			defaultConfigurationIsVisible = 0;
			defaultConfigurationName = Release;
		};
		AE8B56091B3B1D4400684824 /* Build configuration list for PBXNativeTarget "TwitterSearchApp" */ = {
			isa = XCConfigurationList;
			buildConfigurations = (
				AE8B560A1B3B1D4400684824 /* Debug */,
				AE8B560B1B3B1D4400684824 /* Release */,
			);
			defaultConfigurationIsVisible = 0;
			defaultConfigurationName = Release;
		};
		AE8B560C1B3B1D4400684824 /* Build configuration list for PBXNativeTarget "TwitterSearchAppTests" */ = {
			isa = XCConfigurationList;
			buildConfigurations = (
				AE8B560D1B3B1D4400684824 /* Debug */,
				AE8B560E1B3B1D4400684824 /* Release */,
			);
			defaultConfigurationIsVisible = 0;
			defaultConfigurationName = Release;
		};
/* End XCConfigurationList section */
	};
	rootObject = AE8B55E21B3B1D4300684824 /* Project object */;
}
